
Microsoft Visual Studio Solution File, Format Version 12.00
Project("{FAE04EC0-301F-11D3-BF4B-00C04F79EFBC}") = "MidiCon", "MidiCon.csproj", "{D838A8D4-5836-408E-953C-D004A4110665}"
EndProject
Global
	GlobalSection(SolutionConfigurationPlatforms) = preSolution
		Debug|Any CPU = Debug|Any CPU
		Release|Any CPU = Release|Any CPU
	EndGlobalSection
	GlobalSection(ProjectConfigurationPlatforms) = postSolution
		{D838A8D4-5836-408E-953C-D004A4110665}.Debug|Any CPU.ActiveCfg = Debug|Any CPU
		{D838A8D4-5836-408E-953C-D004A4110665}.Debug|Any CPU.Build.0 = Debug|Any CPU
		{D838A8D4-5836-408E-953C-D004A4110665}.Release|Any CPU.ActiveCfg = Release|Any CPU
		{D838A8D4-5836-408E-953C-D004A4110665}.Release|Any CPU.Build.0 = Release|Any CPU
	EndGlobalSection
EndGlobal
